PODS:
  - CocoaAsyncSocket (7.6.3)
  - YCPortForwarder (0.2.0):
    - CocoaAsyncSocket

DEPENDENCIES:
  - YCPortForwarder (from `../`)

SPEC REPOS:
  https://github.com/cocoapods/specs.git:
    - CocoaAsyncSocket

EXTERNAL SOURCES:
  YCPortForwarder:
    :path: "../"

SPEC CHECKSUMS:
  CocoaAsyncSocket: eafaa68a7e0ec99ead0a7b35015e0bf25d2c8987
  YCPortForwarder: eca3b34c3df1cbbea3f3fbfb385e9be9953f8ac6

PODFILE CHECKSUM: dcc22ac2f8844b26befe49e09d16c776528de702

COCOAPODS: 1.5.3
